PODS:
  - GoSquared/Chat (1.0.0):
    - GoSquared/Core
  - GoSquared/Core (1.0.0)

DEPENDENCIES:
  - GoSquared/Chat (from `../`)
  - GoSquared/Core (from `../`)

EXTERNAL SOURCES:
  GoSquared:
    :path: ../

SPEC CHECKSUMS:
  GoSquared: 4b7dd1e56800713bf9f1f6b7f955b31d79d44090

PODFILE CHECKSUM: 570a00b3065357fe30f4b9a7ec49c67f85acc9ce

COCOAPODS: 1.1.0.rc.2
