// !$*UTF8*$!
{
	archiveVersion = 1;
	classes = {
	};
	objectVersion = 46;
	objects = {

/* Begin PBXBuildFile section */
		2E1B2E7A703765B94755B407 /* libPods-Chat.a in Frameworks */ = {isa = PBXBuildFile; fileRef = D094D0E2987621DF13D9E575 /* libPods-Chat.a */; };
		B74B00D81C518595009309C2 /* main.m in Sources */ = {isa = PBXBuildFile; fileRef = B74B00D71C518595009309C2 /* main.m */; };
		B74B00DB1C518595009309C2 /* AppDelegate.m in Sources */ = {isa = PBXBuildFile; fileRef = B74B00DA1C518595009309C2 /* AppDelegate.m */; };
		B74B00E11C518595009309C2 /* Main.storyboard in Resources */ = {isa = PBXBuildFile; fileRef = B74B00DF1C518595009309C2 /* Main.storyboard */; };
		B74B00E31C518595009309C2 /* Assets.xcassets in Resources */ = {isa = PBXBuildFile; fileRef = B74B00E21C518595009309C2 /* Assets.xcassets */; };
		B74B00E61C518595009309C2 /* LaunchScreen.storyboard in Resources */ = {isa = PBXBuildFile; fileRef = B74B00E41C518595009309C2 /* LaunchScreen.storyboard */; };
		B791EFB31C57DAD0003AE4A7 /* ViewController.m in Sources */ = {isa = PBXBuildFile; fileRef = B791EFB21C57DAD0003AE4A7 /* ViewController.m */; };
/* End PBXBuildFile section */

/* Begin PBXFileReference section */
		0AEB872058BF6EE499E5CE5F /* Pods-Chat.release.xcconfig */ = {isa = PBXFileReference; includeInIndex = 1; lastKnownFileType = text.xcconfig; name = "Pods-Chat.release.xcconfig"; path = "Pods/Target Support Files/Pods-Chat/Pods-Chat.release.xcconfig"; sourceTree = "<group>"; };
		980BC6F4C5491A13A5BB3A7B /* Pods-Chat.debug.xcconfig */ = {isa = PBXFileReference; includeInIndex = 1; lastKnownFileType = text.xcconfig; name = "Pods-Chat.debug.xcconfig"; path = "Pods/Target Support Files/Pods-Chat/Pods-Chat.debug.xcconfig"; sourceTree = "<group>"; };
		B74B00D31C518595009309C2 /* Chat.app */ = {isa = PBXFileReference; explicitFileType = wrapper.application; includeInIndex = 0; path = Chat.app; sourceTree = BUILT_PRODUCTS_DIR; };
		B74B00D71C518595009309C2 /* main.m */ = {isa = PBXFileReference; lastKnownFileType = sourcecode.c.objc; path = main.m; sourceTree = "<group>"; };
		B74B00D91C518595009309C2 /* AppDelegate.h */ = {isa = PBXFileReference; lastKnownFileType = sourcecode.c.h; path = AppDelegate.h; sourceTree = "<group>"; };
		B74B00DA1C518595009309C2 /* AppDelegate.m */ = {isa = PBXFileReference; lastKnownFileType = sourcecode.c.objc; path = AppDelegate.m; sourceTree = "<group>"; };
		B74B00E01C518595009309C2 /* Base */ = {isa = PBXFileReference; lastKnownFileType = file.storyboard; name = Base; path = Base.lproj/Main.storyboard; sourceTree = "<group>"; };
		B74B00E21C518595009309C2 /* Assets.xcassets */ = {isa = PBXFileReference; lastKnownFileType = folder.assetcatalog; path = Assets.xcassets; sourceTree = "<group>"; };
		B74B00E51C518595009309C2 /* Base */ = {isa = PBXFileReference; lastKnownFileType = file.storyboard; name = Base; path = Base.lproj/LaunchScreen.storyboard; sourceTree = "<group>"; };
		B74B00E71C518595009309C2 /* Info.plist */ = {isa = PBXFileReference; lastKnownFileType = text.plist.xml; path = Info.plist; sourceTree = "<group>"; };
		B791EFB11C57DAD0003AE4A7 /* ViewController.h */ = {isa = PBXFileReference; fileEncoding = 4; lastKnownFileType = sourcecode.c.h; path = ViewController.h; sourceTree = "<group>"; };
		B791EFB21C57DAD0003AE4A7 /* ViewController.m */ = {isa = PBXFileReference; fileEncoding = 4; lastKnownFileType = sourcecode.c.objc; path = ViewController.m; sourceTree = "<group>"; };
		D094D0E2987621DF13D9E575 /* libPods-Chat.a */ = {isa = PBXFileReference; explicitFileType = archive.ar; includeInIndex = 0; path = "libPods-Chat.a"; sourceTree = BUILT_PRODUCTS_DIR; };
/* End PBXFileReference section */

/* Begin PBXFrameworksBuildPhase section */
		B74B00D01C518595009309C2 /* Frameworks */ = {
			isa = PBXFrameworksBuildPhase;
			buildActionMask = 2147483647;
			files = (
				2E1B2E7A703765B94755B407 /* libPods-Chat.a in Frameworks */,
			);
			runOnlyForDeploymentPostprocessing = 0;
		};
/* End PBXFrameworksBuildPhase section */

/* Begin PBXGroup section */
		1708FEAE4C77FFCD89B66D0C /* Pods */ = {
			isa = PBXGroup;
			children = (
				980BC6F4C5491A13A5BB3A7B /* Pods-Chat.debug.xcconfig */,
				0AEB872058BF6EE499E5CE5F /* Pods-Chat.release.xcconfig */,
			);
			name = Pods;
			sourceTree = "<group>";
		};
		B4877C11B6151B9245DA3D84 /* Frameworks */ = {
			isa = PBXGroup;
			children = (
				D094D0E2987621DF13D9E575 /* libPods-Chat.a */,
			);
			name = Frameworks;
			sourceTree = "<group>";
		};
		B74B00CA1C518595009309C2 = {
			isa = PBXGroup;
			children = (
				B74B00D51C518595009309C2 /* Chat */,
				B74B00D41C518595009309C2 /* Products */,
				1708FEAE4C77FFCD89B66D0C /* Pods */,
				B4877C11B6151B9245DA3D84 /* Frameworks */,
			);
			sourceTree = "<group>";
		};
		B74B00D41C518595009309C2 /* Products */ = {
			isa = PBXGroup;
			children = (
				B74B00D31C518595009309C2 /* Chat.app */,
			);
			name = Products;
			sourceTree = "<group>";
		};
		B74B00D51C518595009309C2 /* Chat */ = {
			isa = PBXGroup;
			children = (
				B74B00D91C518595009309C2 /* AppDelegate.h */,
				B74B00DA1C518595009309C2 /* AppDelegate.m */,
				B791EFB11C57DAD0003AE4A7 /* ViewController.h */,
				B791EFB21C57DAD0003AE4A7 /* ViewController.m */,
				B74B00DF1C518595009309C2 /* Main.storyboard */,
				B74B00E21C518595009309C2 /* Assets.xcassets */,
				B74B00E41C518595009309C2 /* LaunchScreen.storyboard */,
				B74B00E71C518595009309C2 /* Info.plist */,
				B74B00D61C518595009309C2 /* Supporting Files */,
			);
			path = Chat;
			sourceTree = "<group>";
		};
		B74B00D61C518595009309C2 /* Supporting Files */ = {
			isa = PBXGroup;
			children = (
				B74B00D71C518595009309C2 /* main.m */,
			);
			name = "Supporting Files";
			sourceTree = "<group>";
		};
/* End PBXGroup section */

/* Begin PBXNativeTarget section */
		B74B00D21C518595009309C2 /* Chat */ = {
			isa = PBXNativeTarget;
			buildConfigurationList = B74B00EA1C518595009309C2 /* Build configuration list for PBXNativeTarget "Chat" */;
			buildPhases = (
				BEB34C28A86A8A3C0551152A /* [CP] Check Pods Manifest.lock */,
				B74B00CF1C518595009309C2 /* Sources */,
				B74B00D01C518595009309C2 /* Frameworks */,
				B74B00D11C518595009309C2 /* Resources */,
				65A3ECC377981B091BA50DEB /* [CP] Embed Pods Frameworks */,
				6E7543E53608ECA9059312E4 /* [CP] Copy Pods Resources */,
			);
			buildRules = (
			);
			dependencies = (
			);
			name = Chat;
			productName = Chat;
			productReference = B74B00D31C518595009309C2 /* Chat.app */;
			productType = "com.apple.product-type.application";
		};
/* End PBXNativeTarget section */

/* Begin PBXProject section */
		B74B00CB1C518595009309C2 /* Project object */ = {
			isa = PBXProject;
			attributes = {
				LastUpgradeCheck = 0720;
				ORGANIZATIONNAME = "Go Squared Ltd.";
				TargetAttributes = {
					B74B00D21C518595009309C2 = {
						CreatedOnToolsVersion = 7.2;
					};
				};
			};
			buildConfigurationList = B74B00CE1C518595009309C2 /* Build configuration list for PBXProject "Chat" */;
			compatibilityVersion = "Xcode 3.2";
			developmentRegion = English;
			hasScannedForEncodings = 0;
			knownRegions = (
				en,
				Base,
			);
			mainGroup = B74B00CA1C518595009309C2;
			productRefGroup = B74B00D41C518595009309C2 /* Products */;
			projectDirPath = "";
			projectRoot = "";
			targets = (
				B74B00D21C518595009309C2 /* Chat */,
			);
		};
/* End PBXProject section */

/* Begin PBXResourcesBuildPhase section */
		B74B00D11C518595009309C2 /* Resources */ = {
			isa = PBXResourcesBuildPhase;
			buildActionMask = 2147483647;
			files = (
				B74B00E61C518595009309C2 /* LaunchScreen.storyboard in Resources */,
				B74B00E31C518595009309C2 /* Assets.xcassets in Resources */,
				B74B00E11C518595009309C2 /* Main.storyboard in Resources */,
			);
			runOnlyForDeploymentPostprocessing = 0;
		};
/* End PBXResourcesBuildPhase section */

/* Begin PBXShellScriptBuildPhase section */
		65A3ECC377981B091BA50DEB /* [CP] Embed Pods Frameworks */ = {
			isa = PBXShellScriptBuildPhase;
			buildActionMask = 2147483647;
			files = (
			);
			inputPaths = (
			);
			name = "[CP] Embed Pods Frameworks";
			outputPaths = (
			);
			runOnlyForDeploymentPostprocessing = 0;
			shellPath = /bin/sh;
			shellScript = "\"${SRCROOT}/Pods/Target Support Files/Pods-Chat/Pods-Chat-frameworks.sh\"\n";
			showEnvVarsInLog = 0;
		};
		6E7543E53608ECA9059312E4 /* [CP] Copy Pods Resources */ = {
			isa = PBXShellScriptBuildPhase;
			buildActionMask = 2147483647;
			files = (
			);
			inputPaths = (
			);
			name = "[CP] Copy Pods Resources";
			outputPaths = (
			);
			runOnlyForDeploymentPostprocessing = 0;
			shellPath = /bin/sh;
			shellScript = "\"${SRCROOT}/Pods/Target Support Files/Pods-Chat/Pods-Chat-resources.sh\"\n";
			showEnvVarsInLog = 0;
		};
		BEB34C28A86A8A3C0551152A /* [CP] Check Pods Manifest.lock */ = {
			isa = PBXShellScriptBuildPhase;
			buildActionMask = 2147483647;
			files = (
			);
			inputPaths = (
			);
			name = "[CP] Check Pods Manifest.lock";
			outputPaths = (
			);
			runOnlyForDeploymentPostprocessing = 0;
			shellPath = /bin/sh;
			shellScript = "diff \"${PODS_ROOT}/../Podfile.lock\" \"${PODS_ROOT}/Manifest.lock\" > /dev/null\nif [[ $? != 0 ]] ; then\n    cat << EOM\nerror: The sandbox is not in sync with the Podfile.lock. Run 'pod install' or update your CocoaPods installation.\nEOM\n    exit 1\nfi\n";
			showEnvVarsInLog = 0;
		};
/* End PBXShellScriptBuildPhase section */

/* Begin PBXSourcesBuildPhase section */
		B74B00CF1C518595009309C2 /* Sources */ = {
			isa = PBXSourcesBuildPhase;
			buildActionMask = 2147483647;
			files = (
				B791EFB31C57DAD0003AE4A7 /* ViewController.m in Sources */,
				B74B00DB1C518595009309C2 /* AppDelegate.m in Sources */,
				B74B00D81C518595009309C2 /* main.m in Sources */,
			);
			runOnlyForDeploymentPostprocessing = 0;
		};
/* End PBXSourcesBuildPhase section */

/* Begin PBXVariantGroup section */
		B74B00DF1C518595009309C2 /* Main.storyboard */ = {
			isa = PBXVariantGroup;
			children = (
				B74B00E01C518595009309C2 /* Base */,
			);
			name = Main.storyboard;
			sourceTree = "<group>";
		};
		B74B00E41C518595009309C2 /* LaunchScreen.storyboard */ = {
			isa = PBXVariantGroup;
			children = (
				B74B00E51C518595009309C2 /* Base */,
			);
			name = LaunchScreen.storyboard;
			sourceTree = "<group>";
		};
/* End PBXVariantGroup section */

/* Begin XCBuildConfiguration section */
		B74B00E81C518595009309C2 /* Debug */ = {
			isa = XCBuildConfiguration;
			buildSettings = {
				ALWAYS_SEARCH_USER_PATHS = NO;
				CLANG_CXX_LANGUAGE_STANDARD = "gnu++0x";
				CLANG_CXX_LIBRARY = "libc++";
				CLANG_ENABLE_MODULES = YES;
				CLANG_ENABLE_OBJC_ARC = YES;
				CLANG_WARN_BOOL_CONVERSION = YES;
				CLANG_WARN_CONSTANT_CONVERSION = YES;
				CLANG_WARN_DIRECT_OBJC_ISA_USAGE = YES_ERROR;
				CLANG_WARN_EMPTY_BODY = YES;
				CLANG_WARN_ENUM_CONVERSION = YES;
				CLANG_WARN_INT_CONVERSION = YES;
				CLANG_WARN_OBJC_ROOT_CLASS = YES_ERROR;
				CLANG_WARN_UNREACHABLE_CODE = YES;
				CLANG_WARN__DUPLICATE_METHOD_MATCH = YES;
				"CODE_SIGN_IDENTITY[sdk=iphoneos*]" = "iPhone Developer";
				COPY_PHASE_STRIP = NO;
				DEBUG_INFORMATION_FORMAT = dwarf;
				ENABLE_STRICT_OBJC_MSGSEND = YES;
				ENABLE_TESTABILITY = YES;
				GCC_C_LANGUAGE_STANDARD = gnu99;
				GCC_DYNAMIC_NO_PIC = NO;
				GCC_NO_COMMON_BLOCKS = YES;
				GCC_OPTIMIZATION_LEVEL = 0;
				GCC_PREPROCESSOR_DEFINITIONS = (
					"DEBUG=1",
					"$(inherited)",
				);
				GCC_WARN_64_TO_32_BIT_CONVERSION = YES;
				GCC_WARN_ABOUT_RETURN_TYPE = YES_ERROR;
				GCC_WARN_UNDECLARED_SELECTOR = YES;
				GCC_WARN_UNINITIALIZED_AUTOS = YES_AGGRESSIVE;
				GCC_WARN_UNUSED_FUNCTION = YES;
				GCC_WARN_UNUSED_VARIABLE = YES;
				IPHONEOS_DEPLOYMENT_TARGET = 9.2;
				MTL_ENABLE_DEBUG_INFO = YES;
				ONLY_ACTIVE_ARCH = YES;
				SDKROOT = iphoneos;
			};
			name = Debug;
		};
		B74B00E91C518595009309C2 /* Release */ = {
			isa = XCBuildConfiguration;
			buildSettings = {
				ALWAYS_SEARCH_USER_PATHS = NO;
				CLANG_CXX_LANGUAGE_STANDARD = "gnu++0x";
				CLANG_CXX_LIBRARY = "libc++";
				CLANG_ENABLE_MODULES = YES;
				CLANG_ENABLE_OBJC_ARC = YES;
				CLANG_WARN_BOOL_CONVERSION = YES;
				CLANG_WARN_CONSTANT_CONVERSION = YES;
				CLANG_WARN_DIRECT_OBJC_ISA_USAGE = YES_ERROR;
				CLANG_WARN_EMPTY_BODY = YES;
				CLANG_WARN_ENUM_CONVERSION = YES;
				CLANG_WARN_INT_CONVERSION = YES;
				CLANG_WARN_OBJC_ROOT_CLASS = YES_ERROR;
				CLANG_WARN_UNREACHABLE_CODE = YES;
				CLANG_WARN__DUPLICATE_METHOD_MATCH = YES;
				"CODE_SIGN_IDENTITY[sdk=iphoneos*]" = "iPhone Developer";
				COPY_PHASE_STRIP = NO;
				DEBUG_INFORMATION_FORMAT = "dwarf-with-dsym";
				ENABLE_NS_ASSERTIONS = NO;
				ENABLE_STRICT_OBJC_MSGSEND = YES;
				GCC_C_LANGUAGE_STANDARD = gnu99;
				GCC_NO_COMMON_BLOCKS = YES;
				GCC_WARN_64_TO_32_BIT_CONVERSION = YES;
				GCC_WARN_ABOUT_RETURN_TYPE = YES_ERROR;
				GCC_WARN_UNDECLARED_SELECTOR = YES;
				GCC_WARN_UNINITIALIZED_AUTOS = YES_AGGRESSIVE;
				GCC_WARN_UNUSED_FUNCTION = YES;
				GCC_WARN_UNUSED_VARIABLE = YES;
				IPHONEOS_DEPLOYMENT_TARGET = 9.2;
				MTL_ENABLE_DEBUG_INFO = NO;
				SDKROOT = iphoneos;
				VALIDATE_PRODUCT = YES;
			};
			name = Release;
		};
		B74B00EB1C518595009309C2 /* Debug */ = {
			isa = XCBuildConfiguration;
			baseConfigurationReference = 980BC6F4C5491A13A5BB3A7B /* Pods-Chat.debug.xcconfig */;
			buildSettings = {
				ASSETCATALOG_COMPILER_APPICON_NAME = AppIcon;
				FRAMEWORK_SEARCH_PATHS = (
					"$(inherited)",
					"$(PROJECT_DIR)",
				);
				INFOPLIST_FILE = Chat/Info.plist;
				IPHONEOS_DEPLOYMENT_TARGET = 7.0;
				LD_RUNPATH_SEARCH_PATHS = "$(inherited) @executable_path/Frameworks";
				PRODUCT_BUNDLE_IDENTIFIER = com.gosquared.Chat;
				PRODUCT_NAME = "$(TARGET_NAME)";
				TARGETED_DEVICE_FAMILY = "1,2";
			};
			name = Debug;
		};
		B74B00EC1C518595009309C2 /* Release */ = {
			isa = XCBuildConfiguration;
			baseConfigurationReference = 0AEB872058BF6EE499E5CE5F /* Pods-Chat.release.xcconfig */;
			buildSettings = {
				ASSETCATALOG_COMPILER_APPICON_NAME = AppIcon;
				FRAMEWORK_SEARCH_PATHS = (
					"$(inherited)",
					"$(PROJECT_DIR)",
				);
				INFOPLIST_FILE = Chat/Info.plist;
				IPHONEOS_DEPLOYMENT_TARGET = 7.0;
				LD_RUNPATH_SEARCH_PATHS = "$(inherited) @executable_path/Frameworks";
				PRODUCT_BUNDLE_IDENTIFIER = com.gosquared.Chat;
				PRODUCT_NAME = "$(TARGET_NAME)";
				TARGETED_DEVICE_FAMILY = "1,2";
			};
			name = Release;
		};
/* End XCBuildConfiguration section */

/* Begin XCConfigurationList section */
		B74B00CE1C518595009309C2 /* Build configuration list for PBXProject "Chat" */ = {
			isa = XCConfigurationList;
			buildConfigurations = (
				B74B00E81C518595009309C2 /* Debug */,
				B74B00E91C518595009309C2 /* Release */,
			);
			defaultConfigurationIsVisible = 0;
			defaultConfigurationName = Release;
		};
		B74B00EA1C518595009309C2 /* Build configuration list for PBXNativeTarget "Chat" */ = {
			isa = XCConfigurationList;
			buildConfigurations = (
				B74B00EB1C518595009309C2 /* Debug */,
				B74B00EC1C518595009309C2 /* Release */,
			);
			defaultConfigurationIsVisible = 0;
			defaultConfigurationName = Release;
		};
/* End XCConfigurationList section */
	};
	rootObject = B74B00CB1C518595009309C2 /* Project object */;
}
